
Microsoft Visual Studio Solution File, Format Version 12.00
# Visual Studio Version 16
VisualStudioVersion = 16.0.31410.357
MinimumVisualStudioVersion = 10.0.40219.1
Project("{FAE04EC0-301F-11D3-BF4B-00C04F79EFBC}") = "SingleResponsibility", "SingleResponsibility\SingleResponsibility.csproj", "{94B3559B-8277-4B0A-A5CC-E1DC07E97793}"
EndProject
Global
	GlobalSection(SolutionConfigurationPlatforms) = preSolution
		Debug|Any CPU = Debug|Any CPU
		Release|Any CPU = Release|Any CPU
	EndGlobalSection
	GlobalSection(ProjectConfigurationPlatforms) = postSolution
		{94B3559B-8277-4B0A-A5CC-E1DC07E97793}.Debug|Any CPU.ActiveCfg = Debug|Any CPU
		{94B3559B-8277-4B0A-A5CC-E1DC07E97793}.Debug|Any CPU.Build.0 = Debug|Any CPU
		{94B3559B-8277-4B0A-A5CC-E1DC07E97793}.Release|Any CPU.ActiveCfg = Release|Any CPU
		{94B3559B-8277-4B0A-A5CC-E1DC07E97793}.Release|Any CPU.Build.0 = Release|Any CPU
	EndGlobalSection
	GlobalSection(SolutionProperties) = preSolution
		HideSolutionNode = FALSE
	EndGlobalSection
	GlobalSection(ExtensibilityGlobals) = postSolution
		SolutionGuid = {D83969F7-7D8E-44AC-A113-ED4132815122}
	EndGlobalSection
EndGlobal
