
Microsoft Visual Studio Solution File, Format Version 12.00
# Visual Studio Version 16
VisualStudioVersion = 16.0.31410.357
MinimumVisualStudioVersion = 10.0.40219.1
Project("{FAE04EC0-301F-11D3-BF4B-00C04F79EFBC}") = "ClassVSObject", "ClassVSObject\ClassVSObject.csproj", "{694115CB-B547-4879-A1E2-69EC5376A72B}"
EndProject
Project("{FAE04EC0-301F-11D3-BF4B-00C04F79EFBC}") = "Encapsulation", "Encapsulation\Encapsulation.csproj", "{60E6BF82-D8F0-450B-A53C-8DB1941123FB}"
EndProject
Project("{FAE04EC0-301F-11D3-BF4B-00C04F79EFBC}") = "Constructor", "Constructor\Constructor.csproj", "{29F823A9-E77D-4A32-8CB9-9CB631521751}"
EndProject
Project("{FAE04EC0-301F-11D3-BF4B-00C04F79EFBC}") = "Inheritance", "Inheritance\Inheritance.csproj", "{0A3650D9-36D1-40D6-A5BF-C931A204FBE4}"
EndProject
Project("{FAE04EC0-301F-11D3-BF4B-00C04F79EFBC}") = "AbstractANDInterface", "AbstractANDInterface\AbstractANDInterface.csproj", "{5B11E0A9-3818-43E3-B1CE-51ECE8744369}"
EndProject
Project("{FAE04EC0-301F-11D3-BF4B-00C04F79EFBC}") = "HazirInterfaxce", "HazirInterfaxce\HazirInterfaxce.csproj", "{B0BD1238-E35B-4CC8-BEF9-D97BB0B664C5}"
EndProject
Global
	GlobalSection(SolutionConfigurationPlatforms) = preSolution
		Debug|Any CPU = Debug|Any CPU
		Release|Any CPU = Release|Any CPU
	EndGlobalSection
	GlobalSection(ProjectConfigurationPlatforms) = postSolution
		{694115CB-B547-4879-A1E2-69EC5376A72B}.Debug|Any CPU.ActiveCfg = Debug|Any CPU
		{694115CB-B547-4879-A1E2-69EC5376A72B}.Debug|Any CPU.Build.0 = Debug|Any CPU
		{694115CB-B547-4879-A1E2-69EC5376A72B}.Release|Any CPU.ActiveCfg = Release|Any CPU
		{694115CB-B547-4879-A1E2-69EC5376A72B}.Release|Any CPU.Build.0 = Release|Any CPU
		{60E6BF82-D8F0-450B-A53C-8DB1941123FB}.Debug|Any CPU.ActiveCfg = Debug|Any CPU
		{60E6BF82-D8F0-450B-A53C-8DB1941123FB}.Debug|Any CPU.Build.0 = Debug|Any CPU
		{60E6BF82-D8F0-450B-A53C-8DB1941123FB}.Release|Any CPU.ActiveCfg = Release|Any CPU
		{60E6BF82-D8F0-450B-A53C-8DB1941123FB}.Release|Any CPU.Build.0 = Release|Any CPU
		{29F823A9-E77D-4A32-8CB9-9CB631521751}.Debug|Any CPU.ActiveCfg = Debug|Any CPU
		{29F823A9-E77D-4A32-8CB9-9CB631521751}.Debug|Any CPU.Build.0 = Debug|Any CPU
		{29F823A9-E77D-4A32-8CB9-9CB631521751}.Release|Any CPU.ActiveCfg = Release|Any CPU
		{29F823A9-E77D-4A32-8CB9-9CB631521751}.Release|Any CPU.Build.0 = Release|Any CPU
		{0A3650D9-36D1-40D6-A5BF-C931A204FBE4}.Debug|Any CPU.ActiveCfg = Debug|Any CPU
		{0A3650D9-36D1-40D6-A5BF-C931A204FBE4}.Debug|Any CPU.Build.0 = Debug|Any CPU
		{0A3650D9-36D1-40D6-A5BF-C931A204FBE4}.Release|Any CPU.ActiveCfg = Release|Any CPU
		{0A3650D9-36D1-40D6-A5BF-C931A204FBE4}.Release|Any CPU.Build.0 = Release|Any CPU
		{5B11E0A9-3818-43E3-B1CE-51ECE8744369}.Debug|Any CPU.ActiveCfg = Debug|Any CPU
		{5B11E0A9-3818-43E3-B1CE-51ECE8744369}.Debug|Any CPU.Build.0 = Debug|Any CPU
		{5B11E0A9-3818-43E3-B1CE-51ECE8744369}.Release|Any CPU.ActiveCfg = Release|Any CPU
		{5B11E0A9-3818-43E3-B1CE-51ECE8744369}.Release|Any CPU.Build.0 = Release|Any CPU
		{B0BD1238-E35B-4CC8-BEF9-D97BB0B664C5}.Debug|Any CPU.ActiveCfg = Debug|Any CPU
		{B0BD1238-E35B-4CC8-BEF9-D97BB0B664C5}.Debug|Any CPU.Build.0 = Debug|Any CPU
		{B0BD1238-E35B-4CC8-BEF9-D97BB0B664C5}.Release|Any CPU.ActiveCfg = Release|Any CPU
		{B0BD1238-E35B-4CC8-BEF9-D97BB0B664C5}.Release|Any CPU.Build.0 = Release|Any CPU
	EndGlobalSection
	GlobalSection(SolutionProperties) = preSolution
		HideSolutionNode = FALSE
	EndGlobalSection
	GlobalSection(ExtensibilityGlobals) = postSolution
		SolutionGuid = {59CFF1C3-C943-4E52-A0C0-DCD7A1AD8BCA}
	EndGlobalSection
EndGlobal
